// !$*UTF8*$!
{
	archiveVersion = 1;
	classes = {
	};
	objectVersion = 50;
	objects = {

/* Begin PBXBuildFile section */
		180DF3F0226F163A004C8CF2 /* AppDelegate.m in Sources */ = {isa = PBXBuildFile; fileRef = 180DF3EF226F163A004C8CF2 /* AppDelegate.m */; };
		180DF3F3226F163A004C8CF2 /* ViewController.m in Sources */ = {isa = PBXBuildFile; fileRef = 180DF3F2226F163A004C8CF2 /* ViewController.m */; };
		180DF3F6226F163A004C8CF2 /* Main.storyboard in Resources */ = {isa = PBXBuildFile; fileRef = 180DF3F4226F163A004C8CF2 /* Main.storyboard */; };
		180DF3F8226F163B004C8CF2 /* Assets.xcassets in Resources */ = {isa = PBXBuildFile; fileRef = 180DF3F7226F163B004C8CF2 /* Assets.xcassets */; };
		180DF3FB226F163B004C8CF2 /* LaunchScreen.storyboard in Resources */ = {isa = PBXBuildFile; fileRef = 180DF3F9226F163B004C8CF2 /* LaunchScreen.storyboard */; };
		180DF3FE226F163B004C8CF2 /* main.m in Sources */ = {isa = PBXBuildFile; fileRef = 180DF3FD226F163B004C8CF2 /* main.m */; };
		180DF408226F163B004C8CF2 /* __Tests.m in Sources */ = {isa = PBXBuildFile; fileRef = 180DF407226F163B004C8CF2 /* __Tests.m */; };
		180DF414226F1673004C8CF2 /* BreakPrison.m in Sources */ = {isa = PBXBuildFile; fileRef = 180DF413226F1673004C8CF2 /* BreakPrison.m */; };
		9C0062832295328200B9A31D /* NetWork.m in Sources */ = {isa = PBXBuildFile; fileRef = 9C0062822295328200B9A31D /* NetWork.m */; };
/* End PBXBuildFile section */

/* Begin PBXContainerItemProxy section */
		180DF404226F163B004C8CF2 /* PBXContainerItemProxy */ = {
			isa = PBXContainerItemProxy;
			containerPortal = 180DF3E3226F163A004C8CF2 /* Project object */;
			proxyType = 1;
			remoteGlobalIDString = 180DF3EA226F163A004C8CF2;
			remoteInfo = "越狱";
		};
/* End PBXContainerItemProxy section */

/* Begin PBXFileReference section */
		180DF3EB226F163A004C8CF2 /* 越狱.app */ = {isa = PBXFileReference; explicitFileType = wrapper.application; includeInIndex = 0; path = "越狱.app"; sourceTree = BUILT_PRODUCTS_DIR; };
		180DF3EE226F163A004C8CF2 /* AppDelegate.h */ = {isa = PBXFileReference; lastKnownFileType = sourcecode.c.h; path = AppDelegate.h; sourceTree = "<group>"; };
		180DF3EF226F163A004C8CF2 /* AppDelegate.m */ = {isa = PBXFileReference; lastKnownFileType = sourcecode.c.objc; path = AppDelegate.m; sourceTree = "<group>"; };
		180DF3F1226F163A004C8CF2 /* ViewController.h */ = {isa = PBXFileReference; lastKnownFileType = sourcecode.c.h; path = ViewController.h; sourceTree = "<group>"; };
		180DF3F2226F163A004C8CF2 /* ViewController.m */ = {isa = PBXFileReference; lastKnownFileType = sourcecode.c.objc; path = ViewController.m; sourceTree = "<group>"; };
		180DF3F5226F163A004C8CF2 /* Base */ = {isa = PBXFileReference; lastKnownFileType = file.storyboard; name = Base; path = Base.lproj/Main.storyboard; sourceTree = "<group>"; };
		180DF3F7226F163B004C8CF2 /* Assets.xcassets */ = {isa = PBXFileReference; lastKnownFileType = folder.assetcatalog; path = Assets.xcassets; sourceTree = "<group>"; };
		180DF3FA226F163B004C8CF2 /* Base */ = {isa = PBXFileReference; lastKnownFileType = file.storyboard; name = Base; path = Base.lproj/LaunchScreen.storyboard; sourceTree = "<group>"; };
		180DF3FC226F163B004C8CF2 /* Info.plist */ = {isa = PBXFileReference; lastKnownFileType = text.plist.xml; path = Info.plist; sourceTree = "<group>"; };
		180DF3FD226F163B004C8CF2 /* main.m */ = {isa = PBXFileReference; lastKnownFileType = sourcecode.c.objc; path = main.m; sourceTree = "<group>"; };
		180DF403226F163B004C8CF2 /* 越狱Tests.xctest */ = {isa = PBXFileReference; explicitFileType = wrapper.cfbundle; includeInIndex = 0; path = "越狱Tests.xctest"; sourceTree = BUILT_PRODUCTS_DIR; };
		180DF407226F163B004C8CF2 /* __Tests.m */ = {isa = PBXFileReference; lastKnownFileType = sourcecode.c.objc; path = __Tests.m; sourceTree = "<group>"; };
		180DF409226F163B004C8CF2 /* Info.plist */ = {isa = PBXFileReference; lastKnownFileType = text.plist.xml; path = Info.plist; sourceTree = "<group>"; };
		180DF412226F1673004C8CF2 /* BreakPrison.h */ = {isa = PBXFileReference; lastKnownFileType = sourcecode.c.h; path = BreakPrison.h; sourceTree = "<group>"; };
		180DF413226F1673004C8CF2 /* BreakPrison.m */ = {isa = PBXFileReference; lastKnownFileType = sourcecode.c.objc; path = BreakPrison.m; sourceTree = "<group>"; };
		9C0062812295328200B9A31D /* NetWork.h */ = {isa = PBXFileReference; lastKnownFileType = sourcecode.c.h; path = NetWork.h; sourceTree = "<group>"; };
		9C0062822295328200B9A31D /* NetWork.m */ = {isa = PBXFileReference; lastKnownFileType = sourcecode.c.objc; path = NetWork.m; sourceTree = "<group>"; };
/* End PBXFileReference section */

/* Begin PBXFrameworksBuildPhase section */
		180DF3E8226F163A004C8CF2 /* Frameworks */ = {
			isa = PBXFrameworksBuildPhase;
			buildActionMask = 2147483647;
			files = (
			);
			runOnlyForDeploymentPostprocessing = 0;
		};
		180DF400226F163B004C8CF2 /* Frameworks */ = {
			isa = PBXFrameworksBuildPhase;
			buildActionMask = 2147483647;
			files = (
			);
			runOnlyForDeploymentPostprocessing = 0;
		};
/* End PBXFrameworksBuildPhase section */

/* Begin PBXGroup section */
		180DF3E2226F163A004C8CF2 = {
			isa = PBXGroup;
			children = (
				180DF3ED226F163A004C8CF2 /* 越狱 */,
				180DF406226F163B004C8CF2 /* 越狱Tests */,
				180DF3EC226F163A004C8CF2 /* Products */,
			);
			sourceTree = "<group>";
		};
		180DF3EC226F163A004C8CF2 /* Products */ = {
			isa = PBXGroup;
			children = (
				180DF3EB226F163A004C8CF2 /* 越狱.app */,
				180DF403226F163B004C8CF2 /* 越狱Tests.xctest */,
			);
			name = Products;
			sourceTree = "<group>";
		};
		180DF3ED226F163A004C8CF2 /* 越狱 */ = {
			isa = PBXGroup;
			children = (
				180DF3EE226F163A004C8CF2 /* AppDelegate.h */,
				180DF3EF226F163A004C8CF2 /* AppDelegate.m */,
				180DF3F1226F163A004C8CF2 /* ViewController.h */,
				180DF3F2226F163A004C8CF2 /* ViewController.m */,
				180DF412226F1673004C8CF2 /* BreakPrison.h */,
				180DF413226F1673004C8CF2 /* BreakPrison.m */,
				9C0062812295328200B9A31D /* NetWork.h */,
				9C0062822295328200B9A31D /* NetWork.m */,
				180DF3F4226F163A004C8CF2 /* Main.storyboard */,
				180DF3F7226F163B004C8CF2 /* Assets.xcassets */,
				180DF3F9226F163B004C8CF2 /* LaunchScreen.storyboard */,
				180DF3FC226F163B004C8CF2 /* Info.plist */,
				180DF3FD226F163B004C8CF2 /* main.m */,
			);
			path = "越狱";
			sourceTree = "<group>";
		};
		180DF406226F163B004C8CF2 /* 越狱Tests */ = {
			isa = PBXGroup;
			children = (
				180DF407226F163B004C8CF2 /* __Tests.m */,
				180DF409226F163B004C8CF2 /* Info.plist */,
			);
			path = "越狱Tests";
			sourceTree = "<group>";
		};
/* End PBXGroup section */

/* Begin PBXNativeTarget section */
		180DF3EA226F163A004C8CF2 /* 越狱 */ = {
			isa = PBXNativeTarget;
			buildConfigurationList = 180DF40C226F163B004C8CF2 /* Build configuration list for PBXNativeTarget "越狱" */;
			buildPhases = (
				180DF3E7226F163A004C8CF2 /* Sources */,
				180DF3E8226F163A004C8CF2 /* Frameworks */,
				180DF3E9226F163A004C8CF2 /* Resources */,
			);
			buildRules = (
			);
			dependencies = (
			);
			name = "越狱";
			productName = "越狱";
			productReference = 180DF3EB226F163A004C8CF2 /* 越狱.app */;
			productType = "com.apple.product-type.application";
		};
		180DF402226F163B004C8CF2 /* 越狱Tests */ = {
			isa = PBXNativeTarget;
			buildConfigurationList = 180DF40F226F163B004C8CF2 /* Build configuration list for PBXNativeTarget "越狱Tests" */;
			buildPhases = (
				180DF3FF226F163B004C8CF2 /* Sources */,
				180DF400226F163B004C8CF2 /* Frameworks */,
				180DF401226F163B004C8CF2 /* Resources */,
			);
			buildRules = (
			);
			dependencies = (
				180DF405226F163B004C8CF2 /* PBXTargetDependency */,
			);
			name = "越狱Tests";
			productName = "越狱Tests";
			productReference = 180DF403226F163B004C8CF2 /* 越狱Tests.xctest */;
			productType = "com.apple.product-type.bundle.unit-test";
		};
/* End PBXNativeTarget section */

/* Begin PBXProject section */
		180DF3E3226F163A004C8CF2 /* Project object */ = {
			isa = PBXProject;
			attributes = {
				LastUpgradeCheck = 1020;
				ORGANIZATIONNAME = apple;
				TargetAttributes = {
					180DF3EA226F163A004C8CF2 = {
						CreatedOnToolsVersion = 10.2.1;
					};
					180DF402226F163B004C8CF2 = {
						CreatedOnToolsVersion = 10.2.1;
						TestTargetID = 180DF3EA226F163A004C8CF2;
					};
				};
			};
			buildConfigurationList = 180DF3E6226F163A004C8CF2 /* Build configuration list for PBXProject "越狱" */;
			compatibilityVersion = "Xcode 9.3";
			developmentRegion = en;
			hasScannedForEncodings = 0;
			knownRegions = (
				en,
				Base,
			);
			mainGroup = 180DF3E2226F163A004C8CF2;
			productRefGroup = 180DF3EC226F163A004C8CF2 /* Products */;
			projectDirPath = "";
			projectRoot = "";
			targets = (
				180DF3EA226F163A004C8CF2 /* 越狱 */,
				180DF402226F163B004C8CF2 /* 越狱Tests */,
			);
		};
/* End PBXProject section */

/* Begin PBXResourcesBuildPhase section */
		180DF3E9226F163A004C8CF2 /* Resources */ = {
			isa = PBXResourcesBuildPhase;
			buildActionMask = 2147483647;
			files = (
				180DF3FB226F163B004C8CF2 /* LaunchScreen.storyboard in Resources */,
				180DF3F8226F163B004C8CF2 /* Assets.xcassets in Resources */,
				180DF3F6226F163A004C8CF2 /* Main.storyboard in Resources */,
			);
			runOnlyForDeploymentPostprocessing = 0;
		};
		180DF401226F163B004C8CF2 /* Resources */ = {
			isa = PBXResourcesBuildPhase;
			buildActionMask = 2147483647;
			files = (
			);
			runOnlyForDeploymentPostprocessing = 0;
		};
/* End PBXResourcesBuildPhase section */

/* Begin PBXSourcesBuildPhase section */
		180DF3E7226F163A004C8CF2 /* Sources */ = {
			isa = PBXSourcesBuildPhase;
			buildActionMask = 2147483647;
			files = (
				180DF414226F1673004C8CF2 /* BreakPrison.m in Sources */,
				9C0062832295328200B9A31D /* NetWork.m in Sources */,
				180DF3F3226F163A004C8CF2 /* ViewController.m in Sources */,
				180DF3FE226F163B004C8CF2 /* main.m in Sources */,
				180DF3F0226F163A004C8CF2 /* AppDelegate.m in Sources */,
			);
			runOnlyForDeploymentPostprocessing = 0;
		};
		180DF3FF226F163B004C8CF2 /* Sources */ = {
			isa = PBXSourcesBuildPhase;
			buildActionMask = 2147483647;
			files = (
				180DF408226F163B004C8CF2 /* __Tests.m in Sources */,
			);
			runOnlyForDeploymentPostprocessing = 0;
		};
/* End PBXSourcesBuildPhase section */

/* Begin PBXTargetDependency section */
		180DF405226F163B004C8CF2 /* PBXTargetDependency */ = {
			isa = PBXTargetDependency;
			target = 180DF3EA226F163A004C8CF2 /* 越狱 */;
			targetProxy = 180DF404226F163B004C8CF2 /* PBXContainerItemProxy */;
		};
/* End PBXTargetDependency section */

/* Begin PBXVariantGroup section */
		180DF3F4226F163A004C8CF2 /* Main.storyboard */ = {
			isa = PBXVariantGroup;
			children = (
				180DF3F5226F163A004C8CF2 /* Base */,
			);
			name = Main.storyboard;
			sourceTree = "<group>";
		};
		180DF3F9226F163B004C8CF2 /* LaunchScreen.storyboard */ = {
			isa = PBXVariantGroup;
			children = (
				180DF3FA226F163B004C8CF2 /* Base */,
			);
			name = LaunchScreen.storyboard;
			sourceTree = "<group>";
		};
/* End PBXVariantGroup section */

/* Begin XCBuildConfiguration section */
		180DF40A226F163B004C8CF2 /* Debug */ = {
			isa = XCBuildConfiguration;
			buildSettings = {
				ALWAYS_SEARCH_USER_PATHS = NO;
				CLANG_ANALYZER_NONNULL = YES;
				CLANG_ANALYZER_NUMBER_OBJECT_CONVERSION = YES_AGGRESSIVE;
				CLANG_CXX_LANGUAGE_STANDARD = "gnu++14";
				CLANG_CXX_LIBRARY = "libc++";
				CLANG_ENABLE_MODULES = YES;
				CLANG_ENABLE_OBJC_ARC = YES;
				CLANG_ENABLE_OBJC_WEAK = YES;
				CLANG_WARN_BLOCK_CAPTURE_AUTORELEASING = YES;
				CLANG_WARN_BOOL_CONVERSION = YES;
				CLANG_WARN_COMMA = YES;
				CLANG_WARN_CONSTANT_CONVERSION = YES;
				CLANG_WARN_DEPRECATED_OBJC_IMPLEMENTATIONS = YES;
				CLANG_WARN_DIRECT_OBJC_ISA_USAGE = YES_ERROR;
				CLANG_WARN_DOCUMENTATION_COMMENTS = YES;
				CLANG_WARN_EMPTY_BODY = YES;
				CLANG_WARN_ENUM_CONVERSION = YES;
				CLANG_WARN_INFINITE_RECURSION = YES;
				CLANG_WARN_INT_CONVERSION = YES;
				CLANG_WARN_NON_LITERAL_NULL_CONVERSION = YES;
				CLANG_WARN_OBJC_IMPLICIT_RETAIN_SELF = YES;
				CLANG_WARN_OBJC_LITERAL_CONVERSION = YES;
				CLANG_WARN_OBJC_ROOT_CLASS = YES_ERROR;
				CLANG_WARN_RANGE_LOOP_ANALYSIS = YES;
				CLANG_WARN_STRICT_PROTOTYPES = YES;
				CLANG_WARN_SUSPICIOUS_MOVE = YES;
				CLANG_WARN_UNGUARDED_AVAILABILITY = YES_AGGRESSIVE;
				CLANG_WARN_UNREACHABLE_CODE = YES;
				CLANG_WARN__DUPLICATE_METHOD_MATCH = YES;
				CODE_SIGN_IDENTITY = "iPhone Developer";
				COPY_PHASE_STRIP = NO;
				DEBUG_INFORMATION_FORMAT = dwarf;
				ENABLE_STRICT_OBJC_MSGSEND = YES;
				ENABLE_TESTABILITY = YES;
				GCC_C_LANGUAGE_STANDARD = gnu11;
				GCC_DYNAMIC_NO_PIC = NO;
				GCC_NO_COMMON_BLOCKS = YES;
				GCC_OPTIMIZATION_LEVEL = 0;
				GCC_PREPROCESSOR_DEFINITIONS = (
					"DEBUG=1",
					"$(inherited)",
				);
				GCC_WARN_64_TO_32_BIT_CONVERSION = YES;
				GCC_WARN_ABOUT_RETURN_TYPE = YES_ERROR;
				GCC_WARN_UNDECLARED_SELECTOR = YES;
				GCC_WARN_UNINITIALIZED_AUTOS = YES_AGGRESSIVE;
				GCC_WARN_UNUSED_FUNCTION = YES;
				GCC_WARN_UNUSED_VARIABLE = YES;
				IPHONEOS_DEPLOYMENT_TARGET = 12.2;
				MTL_ENABLE_DEBUG_INFO = INCLUDE_SOURCE;
				MTL_FAST_MATH = YES;
				ONLY_ACTIVE_ARCH = YES;
				SDKROOT = iphoneos;
			};
			name = Debug;
		};
		180DF40B226F163B004C8CF2 /* Release */ = {
			isa = XCBuildConfiguration;
			buildSettings = {
				ALWAYS_SEARCH_USER_PATHS = NO;
				CLANG_ANALYZER_NONNULL = YES;
				CLANG_ANALYZER_NUMBER_OBJECT_CONVERSION = YES_AGGRESSIVE;
				CLANG_CXX_LANGUAGE_STANDARD = "gnu++14";
				CLANG_CXX_LIBRARY = "libc++";
				CLANG_ENABLE_MODULES = YES;
				CLANG_ENABLE_OBJC_ARC = YES;
				CLANG_ENABLE_OBJC_WEAK = YES;
				CLANG_WARN_BLOCK_CAPTURE_AUTORELEASING = YES;
				CLANG_WARN_BOOL_CONVERSION = YES;
				CLANG_WARN_COMMA = YES;
				CLANG_WARN_CONSTANT_CONVERSION = YES;
				CLANG_WARN_DEPRECATED_OBJC_IMPLEMENTATIONS = YES;
				CLANG_WARN_DIRECT_OBJC_ISA_USAGE = YES_ERROR;
				CLANG_WARN_DOCUMENTATION_COMMENTS = YES;
				CLANG_WARN_EMPTY_BODY = YES;
				CLANG_WARN_ENUM_CONVERSION = YES;
				CLANG_WARN_INFINITE_RECURSION = YES;
				CLANG_WARN_INT_CONVERSION = YES;
				CLANG_WARN_NON_LITERAL_NULL_CONVERSION = YES;
				CLANG_WARN_OBJC_IMPLICIT_RETAIN_SELF = YES;
				CLANG_WARN_OBJC_LITERAL_CONVERSION = YES;
				CLANG_WARN_OBJC_ROOT_CLASS = YES_ERROR;
				CLANG_WARN_RANGE_LOOP_ANALYSIS = YES;
				CLANG_WARN_STRICT_PROTOTYPES = YES;
				CLANG_WARN_SUSPICIOUS_MOVE = YES;
				CLANG_WARN_UNGUARDED_AVAILABILITY = YES_AGGRESSIVE;
				CLANG_WARN_UNREACHABLE_CODE = YES;
				CLANG_WARN__DUPLICATE_METHOD_MATCH = YES;
				CODE_SIGN_IDENTITY = "iPhone Developer";
				COPY_PHASE_STRIP = NO;
				DEBUG_INFORMATION_FORMAT = "dwarf-with-dsym";
				ENABLE_NS_ASSERTIONS = NO;
				ENABLE_STRICT_OBJC_MSGSEND = YES;
				GCC_C_LANGUAGE_STANDARD = gnu11;
				GCC_NO_COMMON_BLOCKS = YES;
				GCC_WARN_64_TO_32_BIT_CONVERSION = YES;
				GCC_WARN_ABOUT_RETURN_TYPE = YES_ERROR;
				GCC_WARN_UNDECLARED_SELECTOR = YES;
				GCC_WARN_UNINITIALIZED_AUTOS = YES_AGGRESSIVE;
				GCC_WARN_UNUSED_FUNCTION = YES;
				GCC_WARN_UNUSED_VARIABLE = YES;
				IPHONEOS_DEPLOYMENT_TARGET = 12.2;
				MTL_ENABLE_DEBUG_INFO = NO;
				MTL_FAST_MATH = YES;
				SDKROOT = iphoneos;
				VALIDATE_PRODUCT = YES;
			};
			name = Release;
		};
		180DF40D226F163B004C8CF2 /* Debug */ = {
			isa = XCBuildConfiguration;
			buildSettings = {
				ASSETCATALOG_COMPILER_APPICON_NAME = AppIcon;
				CODE_SIGN_STYLE = Automatic;
				DEVELOPMENT_TEAM = 8Q4RDME4A2;
				INFOPLIST_FILE = "越狱/Info.plist";
				IPHONEOS_DEPLOYMENT_TARGET = 10.0;
				LD_RUNPATH_SEARCH_PATHS = (
					"$(inherited)",
					"@executable_path/Frameworks",
				);
				PRODUCT_BUNDLE_IDENTIFIER = com.zwyl.break;
				PRODUCT_NAME = "$(TARGET_NAME)";
				TARGETED_DEVICE_FAMILY = "1,2";
			};
			name = Debug;
		};
		180DF40E226F163B004C8CF2 /* Release */ = {
			isa = XCBuildConfiguration;
			buildSettings = {
				ASSETCATALOG_COMPILER_APPICON_NAME = AppIcon;
				CODE_SIGN_STYLE = Automatic;
				DEVELOPMENT_TEAM = 8Q4RDME4A2;
				INFOPLIST_FILE = "越狱/Info.plist";
				IPHONEOS_DEPLOYMENT_TARGET = 10.0;
				LD_RUNPATH_SEARCH_PATHS = (
					"$(inherited)",
					"@executable_path/Frameworks",
				);
				PRODUCT_BUNDLE_IDENTIFIER = com.zwyl.break;
				PRODUCT_NAME = "$(TARGET_NAME)";
				TARGETED_DEVICE_FAMILY = "1,2";
			};
			name = Release;
		};
		180DF410226F163B004C8CF2 /* Debug */ = {
			isa = XCBuildConfiguration;
			buildSettings = {
				BUNDLE_LOADER = "$(TEST_HOST)";
				CODE_SIGN_STYLE = Automatic;
				DEVELOPMENT_TEAM = 769VT32NP2;
				INFOPLIST_FILE = "越狱Tests/Info.plist";
				LD_RUNPATH_SEARCH_PATHS = (
					"$(inherited)",
					"@executable_path/Frameworks",
					"@loader_path/Frameworks",
				);
				PRODUCT_BUNDLE_IDENTIFIER = "com.zksw..--Tests";
				PRODUCT_NAME = "$(TARGET_NAME)";
				TARGETED_DEVICE_FAMILY = "1,2";
				TEST_HOST = "$(BUILT_PRODUCTS_DIR)/越狱.app/越狱";
			};
			name = Debug;
		};
		180DF411226F163B004C8CF2 /* Release */ = {
			isa = XCBuildConfiguration;
			buildSettings = {
				BUNDLE_LOADER = "$(TEST_HOST)";
				CODE_SIGN_STYLE = Automatic;
				DEVELOPMENT_TEAM = 769VT32NP2;
				INFOPLIST_FILE = "越狱Tests/Info.plist";
				LD_RUNPATH_SEARCH_PATHS = (
					"$(inherited)",
					"@executable_path/Frameworks",
					"@loader_path/Frameworks",
				);
				PRODUCT_BUNDLE_IDENTIFIER = "com.zksw..--Tests";
				PRODUCT_NAME = "$(TARGET_NAME)";
				TARGETED_DEVICE_FAMILY = "1,2";
				TEST_HOST = "$(BUILT_PRODUCTS_DIR)/越狱.app/越狱";
			};
			name = Release;
		};
/* End XCBuildConfiguration section */

/* Begin XCConfigurationList section */
		180DF3E6226F163A004C8CF2 /* Build configuration list for PBXProject "越狱" */ = {
			isa = XCConfigurationList;
			buildConfigurations = (
				180DF40A226F163B004C8CF2 /* Debug */,
				180DF40B226F163B004C8CF2 /* Release */,
			);
			defaultConfigurationIsVisible = 0;
			defaultConfigurationName = Release;
		};
		180DF40C226F163B004C8CF2 /* Build configuration list for PBXNativeTarget "越狱" */ = {
			isa = XCConfigurationList;
			buildConfigurations = (
				180DF40D226F163B004C8CF2 /* Debug */,
				180DF40E226F163B004C8CF2 /* Release */,
			);
			defaultConfigurationIsVisible = 0;
			defaultConfigurationName = Release;
		};
		180DF40F226F163B004C8CF2 /* Build configuration list for PBXNativeTarget "越狱Tests" */ = {
			isa = XCConfigurationList;
			buildConfigurations = (
				180DF410226F163B004C8CF2 /* Debug */,
				180DF411226F163B004C8CF2 /* Release */,
			);
			defaultConfigurationIsVisible = 0;
			defaultConfigurationName = Release;
		};
/* End XCConfigurationList section */
	};
	rootObject = 180DF3E3226F163A004C8CF2 /* Project object */;
}
